
Microsoft Visual Studio Solution File, Format Version 12.00
# Visual Studio Version 16
VisualStudioVersion = 16.0.30717.126
MinimumVisualStudioVersion = 10.0.40219.1
Project("{8BC9CEB8-8B4A-11D0-8D11-00A0C91BC942}") = "MyConsoleApp", "MyConsoleApp\MyConsoleApp.vcxproj", "{953E18E7-B84F-4A99-A95A-8147BFC8741A}"
EndProject
Project("{8BC9CEB8-8B4A-11D0-8D11-00A0C91BC942}") = "CPPDemoDll", "CPPDemoDll\CPPDemoDll.vcxproj", "{6D4DDE4B-FB7A-4F73-B2E7-609B696ADA72}"
EndProject
Project("{FAE04EC0-301F-11D3-BF4B-00C04F79EFBC}") = "MyCSharpClient", "MyCSharpClient\MyCSharpClient.csproj", "{1774D6DC-1C74-437B-A319-5C1AB082F133}"
EndProject
Global
	GlobalSection(SolutionConfigurationPlatforms) = preSolution
		Debug|Any CPU = Debug|Any CPU
		Debug|x64 = Debug|x64
		Debug|x86 = Debug|x86
		Release|Any CPU = Release|Any CPU
		Release|x64 = Release|x64
		Release|x86 = Release|x86
	EndGlobalSection
	GlobalSection(ProjectConfigurationPlatforms) = postSolution
		{953E18E7-B84F-4A99-A95A-8147BFC8741A}.Debug|Any CPU.ActiveCfg = Debug|Win32
		{953E18E7-B84F-4A99-A95A-8147BFC8741A}.Debug|x64.ActiveCfg = Debug|x64
		{953E18E7-B84F-4A99-A95A-8147BFC8741A}.Debug|x64.Build.0 = Debug|x64
		{953E18E7-B84F-4A99-A95A-8147BFC8741A}.Debug|x86.ActiveCfg = Debug|Win32
		{953E18E7-B84F-4A99-A95A-8147BFC8741A}.Debug|x86.Build.0 = Debug|Win32
		{953E18E7-B84F-4A99-A95A-8147BFC8741A}.Release|Any CPU.ActiveCfg = Release|Win32
		{953E18E7-B84F-4A99-A95A-8147BFC8741A}.Release|x64.ActiveCfg = Release|x64
		{953E18E7-B84F-4A99-A95A-8147BFC8741A}.Release|x64.Build.0 = Release|x64
		{953E18E7-B84F-4A99-A95A-8147BFC8741A}.Release|x86.ActiveCfg = Release|Win32
		{953E18E7-B84F-4A99-A95A-8147BFC8741A}.Release|x86.Build.0 = Release|Win32
		{6D4DDE4B-FB7A-4F73-B2E7-609B696ADA72}.Debug|Any CPU.ActiveCfg = Debug|Win32
		{6D4DDE4B-FB7A-4F73-B2E7-609B696ADA72}.Debug|x64.ActiveCfg = Debug|x64
		{6D4DDE4B-FB7A-4F73-B2E7-609B696ADA72}.Debug|x64.Build.0 = Debug|x64
		{6D4DDE4B-FB7A-4F73-B2E7-609B696ADA72}.Debug|x86.ActiveCfg = Debug|Win32
		{6D4DDE4B-FB7A-4F73-B2E7-609B696ADA72}.Debug|x86.Build.0 = Debug|Win32
		{6D4DDE4B-FB7A-4F73-B2E7-609B696ADA72}.Release|Any CPU.ActiveCfg = Release|Win32
		{6D4DDE4B-FB7A-4F73-B2E7-609B696ADA72}.Release|x64.ActiveCfg = Release|x64
		{6D4DDE4B-FB7A-4F73-B2E7-609B696ADA72}.Release|x64.Build.0 = Release|x64
		{6D4DDE4B-FB7A-4F73-B2E7-609B696ADA72}.Release|x86.ActiveCfg = Release|Win32
		{6D4DDE4B-FB7A-4F73-B2E7-609B696ADA72}.Release|x86.Build.0 = Release|Win32
		{1774D6DC-1C74-437B-A319-5C1AB082F133}.Debug|Any CPU.ActiveCfg = Debug|Any CPU
		{1774D6DC-1C74-437B-A319-5C1AB082F133}.Debug|Any CPU.Build.0 = Debug|Any CPU
		{1774D6DC-1C74-437B-A319-5C1AB082F133}.Debug|x64.ActiveCfg = Debug|Any CPU
		{1774D6DC-1C74-437B-A319-5C1AB082F133}.Debug|x64.Build.0 = Debug|Any CPU
		{1774D6DC-1C74-437B-A319-5C1AB082F133}.Debug|x86.ActiveCfg = Debug|Any CPU
		{1774D6DC-1C74-437B-A319-5C1AB082F133}.Debug|x86.Build.0 = Debug|Any CPU
		{1774D6DC-1C74-437B-A319-5C1AB082F133}.Release|Any CPU.ActiveCfg = Release|Any CPU
		{1774D6DC-1C74-437B-A319-5C1AB082F133}.Release|Any CPU.Build.0 = Release|Any CPU
		{1774D6DC-1C74-437B-A319-5C1AB082F133}.Release|x64.ActiveCfg = Release|Any CPU
		{1774D6DC-1C74-437B-A319-5C1AB082F133}.Release|x64.Build.0 = Release|Any CPU
		{1774D6DC-1C74-437B-A319-5C1AB082F133}.Release|x86.ActiveCfg = Release|Any CPU
		{1774D6DC-1C74-437B-A319-5C1AB082F133}.Release|x86.Build.0 = Release|Any CPU
	EndGlobalSection
	GlobalSection(SolutionProperties) = preSolution
		HideSolutionNode = FALSE
	EndGlobalSection
	GlobalSection(ExtensibilityGlobals) = postSolution
		SolutionGuid = {E9137BE0-7527-4F36-82D4-5FE68A15F0CC}
	EndGlobalSection
EndGlobal
